
Microsoft Visual Studio Solution File, Format Version 12.00
# Visual Studio 15
VisualStudioVersion = 15.0.28307.2092
MinimumVisualStudioVersion = 10.0.40219.1
Project("{8BC9CEB8-8B4A-11D0-8D11-00A0C91BC942}") = "ImGui", "ext\imgui\build\ImGui.vcxproj", "{C1CC7113-0C7B-46B0-9F59-D5469CD7D4B0}"
EndProject
Project("{8BC9CEB8-8B4A-11D0-8D11-00A0C91BC942}") = "tPixelWindowEngine", "Engine\build\tPixelWindowEngine.vcxproj", "{C27514DE-F8C9-4063-BD32-230CDB6605F7}"
	ProjectSection(ProjectDependencies) = postProject
		{C1CC7113-0C7B-46B0-9F59-D5469CD7D4B0} = {C1CC7113-0C7B-46B0-9F59-D5469CD7D4B0}
	EndProjectSection
EndProject
Project("{8BC9CEB8-8B4A-11D0-8D11-00A0C91BC942}") = "TestingApp", "TestingApp\build\TestingApp.vcxproj", "{1477EA2E-4F66-4DBE-8E98-46628D68C96D}"
	ProjectSection(ProjectDependencies) = postProject
		{C27514DE-F8C9-4063-BD32-230CDB6605F7} = {C27514DE-F8C9-4063-BD32-230CDB6605F7}
	EndProjectSection
EndProject
Global
	GlobalSection(SolutionConfigurationPlatforms) = preSolution
		Debug|x64 = Debug|x64
		Release|x64 = Release|x64
	EndGlobalSection
	GlobalSection(ProjectConfigurationPlatforms) = postSolution
		{C1CC7113-0C7B-46B0-9F59-D5469CD7D4B0}.Debug|x64.ActiveCfg = Debug|x64
		{C1CC7113-0C7B-46B0-9F59-D5469CD7D4B0}.Debug|x64.Build.0 = Debug|x64
		{C1CC7113-0C7B-46B0-9F59-D5469CD7D4B0}.Release|x64.ActiveCfg = Release|x64
		{C1CC7113-0C7B-46B0-9F59-D5469CD7D4B0}.Release|x64.Build.0 = Release|x64
		{C27514DE-F8C9-4063-BD32-230CDB6605F7}.Debug|x64.ActiveCfg = Debug|x64
		{C27514DE-F8C9-4063-BD32-230CDB6605F7}.Debug|x64.Build.0 = Debug|x64
		{C27514DE-F8C9-4063-BD32-230CDB6605F7}.Release|x64.ActiveCfg = Release|x64
		{C27514DE-F8C9-4063-BD32-230CDB6605F7}.Release|x64.Build.0 = Release|x64
		{1477EA2E-4F66-4DBE-8E98-46628D68C96D}.Debug|x64.ActiveCfg = Debug|x64
		{1477EA2E-4F66-4DBE-8E98-46628D68C96D}.Debug|x64.Build.0 = Debug|x64
		{1477EA2E-4F66-4DBE-8E98-46628D68C96D}.Release|x64.ActiveCfg = Release|x64
		{1477EA2E-4F66-4DBE-8E98-46628D68C96D}.Release|x64.Build.0 = Release|x64
	EndGlobalSection
	GlobalSection(SolutionProperties) = preSolution
		HideSolutionNode = FALSE
	EndGlobalSection
	GlobalSection(ExtensibilityGlobals) = postSolution
		SolutionGuid = {4EF6597D-7137-414E-AEE1-EFE5A7603690}
	EndGlobalSection
EndGlobal
