
Microsoft Visual Studio Solution File, Format Version 12.00
# Visual Studio 15
VisualStudioVersion = 15.0.28307.2092
MinimumVisualStudioVersion = 10.0.40219.1
Project("{8BC9CEB8-8B4A-11D0-8D11-00A0C91BC942}") = "ImGui", "ext\imgui\build\ImGui.vcxproj", "{C1CC7113-0C7B-46B0-9F59-D5469CD7D4B0}"
EndProject
Project("{8BC9CEB8-8B4A-11D0-8D11-00A0C91BC942}") = "tPixelWindowEngine", "Engine\build\tPixelWindowEngine.vcxproj", "{C27514DE-F8C9-4063-BD32-230CDB6605F7}"
	ProjectSection(ProjectDependencies) = postProject
		{C1CC7113-0C7B-46B0-9F59-D5469CD7D4B0} = {C1CC7113-0C7B-46B0-9F59-D5469CD7D4B0}
		{7454A87E-ED91-4F51-89BD-8A6D5B7EBC1B} = {7454A87E-ED91-4F51-89BD-8A6D5B7EBC1B}
	EndProjectSection
EndProject
Project("{8BC9CEB8-8B4A-11D0-8D11-00A0C91BC942}") = "TestingApp", "TestingApp\build\TestingApp.vcxproj", "{1477EA2E-4F66-4DBE-8E98-46628D68C96D}"
	ProjectSection(ProjectDependencies) = postProject
		{C27514DE-F8C9-4063-BD32-230CDB6605F7} = {C27514DE-F8C9-4063-BD32-230CDB6605F7}
	EndProjectSection
EndProject
Project("{2150E333-8FDC-42A3-9474-1A3956D46DE8}") = "Extensions", "Extensions", "{750C68A9-4FD3-47A3-806C-100D4EDCF81C}"
EndProject
Project("{8BC9CEB8-8B4A-11D0-8D11-00A0C91BC942}") = "tPGE", "ext\tpge\build\tPGE.vcxproj", "{7454A87E-ED91-4F51-89BD-8A6D5B7EBC1B}"
EndProject
Project("{2150E333-8FDC-42A3-9474-1A3956D46DE8}") = "Engine", "Engine", "{1A24AE61-A813-479B-A0BA-07784A37FDD9}"
EndProject
Global
	GlobalSection(SolutionConfigurationPlatforms) = preSolution
		Debug|x64 = Debug|x64
		Debug|x86 = Debug|x86
		Release|x64 = Release|x64
		Release|x86 = Release|x86
	EndGlobalSection
	GlobalSection(ProjectConfigurationPlatforms) = postSolution
		{C1CC7113-0C7B-46B0-9F59-D5469CD7D4B0}.Debug|x64.ActiveCfg = Debug|x64
		{C1CC7113-0C7B-46B0-9F59-D5469CD7D4B0}.Debug|x64.Build.0 = Debug|x64
		{C1CC7113-0C7B-46B0-9F59-D5469CD7D4B0}.Debug|x86.ActiveCfg = Debug|x64
		{C1CC7113-0C7B-46B0-9F59-D5469CD7D4B0}.Release|x64.ActiveCfg = Release|x64
		{C1CC7113-0C7B-46B0-9F59-D5469CD7D4B0}.Release|x64.Build.0 = Release|x64
		{C1CC7113-0C7B-46B0-9F59-D5469CD7D4B0}.Release|x86.ActiveCfg = Release|x64
		{C27514DE-F8C9-4063-BD32-230CDB6605F7}.Debug|x64.ActiveCfg = Debug|x64
		{C27514DE-F8C9-4063-BD32-230CDB6605F7}.Debug|x64.Build.0 = Debug|x64
		{C27514DE-F8C9-4063-BD32-230CDB6605F7}.Debug|x86.ActiveCfg = Debug|x64
		{C27514DE-F8C9-4063-BD32-230CDB6605F7}.Release|x64.ActiveCfg = Release|x64
		{C27514DE-F8C9-4063-BD32-230CDB6605F7}.Release|x64.Build.0 = Release|x64
		{C27514DE-F8C9-4063-BD32-230CDB6605F7}.Release|x86.ActiveCfg = Release|x64
		{1477EA2E-4F66-4DBE-8E98-46628D68C96D}.Debug|x64.ActiveCfg = Debug|x64
		{1477EA2E-4F66-4DBE-8E98-46628D68C96D}.Debug|x64.Build.0 = Debug|x64
		{1477EA2E-4F66-4DBE-8E98-46628D68C96D}.Debug|x86.ActiveCfg = Debug|x64
		{1477EA2E-4F66-4DBE-8E98-46628D68C96D}.Release|x64.ActiveCfg = Release|x64
		{1477EA2E-4F66-4DBE-8E98-46628D68C96D}.Release|x64.Build.0 = Release|x64
		{1477EA2E-4F66-4DBE-8E98-46628D68C96D}.Release|x86.ActiveCfg = Release|x64
		{7454A87E-ED91-4F51-89BD-8A6D5B7EBC1B}.Debug|x64.ActiveCfg = Debug|x64
		{7454A87E-ED91-4F51-89BD-8A6D5B7EBC1B}.Debug|x64.Build.0 = Debug|x64
		{7454A87E-ED91-4F51-89BD-8A6D5B7EBC1B}.Debug|x86.ActiveCfg = Debug|Win32
		{7454A87E-ED91-4F51-89BD-8A6D5B7EBC1B}.Debug|x86.Build.0 = Debug|Win32
		{7454A87E-ED91-4F51-89BD-8A6D5B7EBC1B}.Release|x64.ActiveCfg = Release|x64
		{7454A87E-ED91-4F51-89BD-8A6D5B7EBC1B}.Release|x64.Build.0 = Release|x64
		{7454A87E-ED91-4F51-89BD-8A6D5B7EBC1B}.Release|x86.ActiveCfg = Release|Win32
		{7454A87E-ED91-4F51-89BD-8A6D5B7EBC1B}.Release|x86.Build.0 = Release|Win32
	EndGlobalSection
	GlobalSection(SolutionProperties) = preSolution
		HideSolutionNode = FALSE
	EndGlobalSection
	GlobalSection(NestedProjects) = preSolution
		{C1CC7113-0C7B-46B0-9F59-D5469CD7D4B0} = {750C68A9-4FD3-47A3-806C-100D4EDCF81C}
		{C27514DE-F8C9-4063-BD32-230CDB6605F7} = {1A24AE61-A813-479B-A0BA-07784A37FDD9}
		{7454A87E-ED91-4F51-89BD-8A6D5B7EBC1B} = {750C68A9-4FD3-47A3-806C-100D4EDCF81C}
	EndGlobalSection
	GlobalSection(ExtensibilityGlobals) = postSolution
		SolutionGuid = {4EF6597D-7137-414E-AEE1-EFE5A7603690}
	EndGlobalSection
EndGlobal
